
Microsoft Visual Studio Solution File, Format Version 12.00
# Visual Studio Version 16
VisualStudioVersion = 16.0.29503.13
MinimumVisualStudioVersion = 10.0.40219.1
Project("{FAE04EC0-301F-11D3-BF4B-00C04F79EFBC}") = "XCloud.Api", "XCloud.Api.csproj", "{128C8C5C-77B3-405F-B808-516960498731}"
EndProject
Global
	GlobalSection(SolutionConfigurationPlatforms) = preSolution
		Debug|Any CPU = Debug|Any CPU
		Release|Any CPU = Release|Any CPU
	EndGlobalSection
	GlobalSection(ProjectConfigurationPlatforms) = postSolution
		{128C8C5C-77B3-405F-B808-516960498731}.Debug|Any CPU.ActiveCfg = Debug|Any CPU
		{128C8C5C-77B3-405F-B808-516960498731}.Debug|Any CPU.Build.0 = Debug|Any CPU
		{128C8C5C-77B3-405F-B808-516960498731}.Release|Any CPU.ActiveCfg = Release|Any CPU
		{128C8C5C-77B3-405F-B808-516960498731}.Release|Any CPU.Build.0 = Release|Any CPU
	EndGlobalSection
	GlobalSection(SolutionProperties) = preSolution
		HideSolutionNode = FALSE
	EndGlobalSection
	GlobalSection(ExtensibilityGlobals) = postSolution
		SolutionGuid = {02BB196A-0C55-4869-AB36-E7F08BE128AD}
	EndGlobalSection
EndGlobal
